
Microsoft Visual Studio Solution File, Format Version 12.00
# Visual Studio Version 16
VisualStudioVersion = 16.0.31729.503
MinimumVisualStudioVersion = 10.0.40219.1
Project("{FAE04EC0-301F-11D3-BF4B-00C04F79EFBC}") = "KinoProject", "KinoProject\KinoProject.csproj", "{3B0B96F8-4A95-4FF5-8592-096C422BDBDD}"
EndProject
Global
	GlobalSection(SolutionConfigurationPlatforms) = preSolution
		Debug|Any CPU = Debug|Any CPU
		Release|Any CPU = Release|Any CPU
	EndGlobalSection
	GlobalSection(ProjectConfigurationPlatforms) = postSolution
		{3B0B96F8-4A95-4FF5-8592-096C422BDBDD}.Debug|Any CPU.ActiveCfg = Debug|Any CPU
		{3B0B96F8-4A95-4FF5-8592-096C422BDBDD}.Debug|Any CPU.Build.0 = Debug|Any CPU
		{3B0B96F8-4A95-4FF5-8592-096C422BDBDD}.Release|Any CPU.ActiveCfg = Release|Any CPU
		{3B0B96F8-4A95-4FF5-8592-096C422BDBDD}.Release|Any CPU.Build.0 = Release|Any CPU
	EndGlobalSection
	GlobalSection(SolutionProperties) = preSolution
		HideSolutionNode = FALSE
	EndGlobalSection
	GlobalSection(ExtensibilityGlobals) = postSolution
		SolutionGuid = {C58331DC-007F-466E-822E-F33A549E2509}
	EndGlobalSection
EndGlobal
